
Microsoft Visual Studio Solution File, Format Version 12.00
# Visual Studio 15
VisualStudioVersion = 15.0.27130.2020
MinimumVisualStudioVersion = 10.0.40219.1
Project("{8BC9CEB8-8B4A-11D0-8D11-00A0C91BC942}") = "Game_Genetic", "Game_Genetic.vcxproj", "{87585915-9968-4CA5-AF3C-85C159257F61}"
EndProject
Global
	GlobalSection(SolutionConfigurationPlatforms) = preSolution
		Debug|x64 = Debug|x64
		Debug|x86 = Debug|x86
		Release|x64 = Release|x64
		Release|x86 = Release|x86
	EndGlobalSection
	GlobalSection(ProjectConfigurationPlatforms) = postSolution
		{87585915-9968-4CA5-AF3C-85C159257F61}.Debug|x64.ActiveCfg = Debug|x64
		{87585915-9968-4CA5-AF3C-85C159257F61}.Debug|x64.Build.0 = Debug|x64
		{87585915-9968-4CA5-AF3C-85C159257F61}.Debug|x86.ActiveCfg = Debug|Win32
		{87585915-9968-4CA5-AF3C-85C159257F61}.Debug|x86.Build.0 = Debug|Win32
		{87585915-9968-4CA5-AF3C-85C159257F61}.Release|x64.ActiveCfg = Release|x64
		{87585915-9968-4CA5-AF3C-85C159257F61}.Release|x64.Build.0 = Release|x64
		{87585915-9968-4CA5-AF3C-85C159257F61}.Release|x86.ActiveCfg = Release|Win32
		{87585915-9968-4CA5-AF3C-85C159257F61}.Release|x86.Build.0 = Release|Win32
	EndGlobalSection
	GlobalSection(SolutionProperties) = preSolution
		HideSolutionNode = FALSE
	EndGlobalSection
	GlobalSection(ExtensibilityGlobals) = postSolution
		SolutionGuid = {52A864F9-8B2A-4156-B3A1-39D5E368502F}
	EndGlobalSection
EndGlobal
